PODS:
  - Bolts (1.9.0):
    - Bolts/AppLinks (= 1.9.0)
    - Bolts/Tasks (= 1.9.0)
  - Bolts/AppLinks (1.9.0):
    - Bolts/Tasks
  - Bolts/Tasks (1.9.0)
  - FacebookCore (0.5.0):
    - Bolts (~> 1.9)
    - FBSDKCoreKit (~> 4.37)
  - FacebookLogin (0.5.0):
    - Bolts (~> 1.9)
    - FacebookCore (~> 0.5)
    - FBSDKCoreKit (~> 4.37)
    - FBSDKLoginKit (~> 4.37)
  - FacebookSDK (4.38.0):
    - Bolts (~> 1.9)
    - FacebookSDK/CoreKit (= 4.38.0)
    - FacebookSDK/MarketingKit (= 4.38.0)
  - FacebookSDK/CoreKit (4.38.0):
    - Bolts (~> 1.9)
    - FBSDKCoreKit
  - FacebookSDK/MarketingKit (4.38.0):
    - Bolts (~> 1.9)
    - FacebookSDK/CoreKit
    - FBSDKMarketingKit
  - FacebookShare (0.5.0):
    - Bolts (~> 1.9)
    - FacebookCore (~> 0.5)
    - FBSDKCoreKit (~> 4.37)
    - FBSDKShareKit (~> 4.37)
  - FBSDKCoreKit (4.40.0):
    - Bolts (~> 1.9)
  - FBSDKLoginKit (4.40.0):
    - FBSDKCoreKit
  - FBSDKMarketingKit (4.38.0):
    - FBSDKCoreKit
  - FBSDKPlacesKit (4.40.0):
    - FBSDKCoreKit
  - FBSDKShareKit (4.40.0):
    - FBSDKCoreKit

DEPENDENCIES:
  - FacebookCore
  - FacebookLogin
  - FacebookSDK
  - FacebookShare
  - FBSDKPlacesKit

SPEC REPOS:
  https://github.com/cocoapods/specs.git:
    - Bolts
    - FacebookCore
    - FacebookLogin
    - FacebookSDK
    - FacebookShare
    - FBSDKCoreKit
    - FBSDKLoginKit
    - FBSDKMarketingKit
    - FBSDKPlacesKit
    - FBSDKShareKit

SPEC CHECKSUMS:
  Bolts: ac6567323eac61e203f6a9763667d0f711be34c8
  FacebookCore: 74288d0add931d361b1596beae787ab72c438249
  FacebookLogin: ebcf34714a1cb9f0759d9f071cfb01ed500996cf
  FacebookSDK: 73f54b8b94e09b05647cdef0af147f470cd3edc6
  FacebookShare: 963b4bb1124a64a395b1e428163d70b5774116e8
  FBSDKCoreKit: ae214474b25033399c131dc81d258e412582a2ba
  FBSDKLoginKit: 7a1e411d46acc8834588eca437daf34de42e1d52
  FBSDKMarketingKit: e609f39d74ab273cf52e2f8b7e8829ed412b2827
  FBSDKPlacesKit: 02fce2a3a1da77dc107823920e83f7e10dc13b50
  FBSDKShareKit: 0e45916f4150da485928ae2a17ca021950b194f5

PODFILE CHECKSUM: 79ff078ae5889b85de1571c3b22d2efa4a0b8659

COCOAPODS: 1.5.3
