// !$*UTF8*$!
{
	archiveVersion = 1;
	classes = {
	};
	objectVersion = 50;
	objects = {

/* Begin PBXBuildFile section */
		2CF34CE821BDE01E00D8C217 /* AppDelegate.swift in Sources */ = {isa = PBXBuildFile; fileRef = 2CF34CE721BDE01E00D8C217 /* AppDelegate.swift */; };
		2CF34CEA21BDE01E00D8C217 /* GameScene.sks in Resources */ = {isa = PBXBuildFile; fileRef = 2CF34CE921BDE01E00D8C217 /* GameScene.sks */; };
		2CF34CEC21BDE01E00D8C217 /* Actions.sks in Resources */ = {isa = PBXBuildFile; fileRef = 2CF34CEB21BDE01E00D8C217 /* Actions.sks */; };
		2CF34CEE21BDE01E00D8C217 /* GameScene.swift in Sources */ = {isa = PBXBuildFile; fileRef = 2CF34CED21BDE01E00D8C217 /* GameScene.swift */; };
		2CF34CF021BDE01E00D8C217 /* GameViewController.swift in Sources */ = {isa = PBXBuildFile; fileRef = 2CF34CEF21BDE01E00D8C217 /* GameViewController.swift */; };
		2CF34CF321BDE01E00D8C217 /* Main.storyboard in Resources */ = {isa = PBXBuildFile; fileRef = 2CF34CF121BDE01E00D8C217 /* Main.storyboard */; };
		2CF34CF521BDE02400D8C217 /* Assets.xcassets in Resources */ = {isa = PBXBuildFile; fileRef = 2CF34CF421BDE02400D8C217 /* Assets.xcassets */; };
		2CF34CF821BDE02400D8C217 /* LaunchScreen.storyboard in Resources */ = {isa = PBXBuildFile; fileRef = 2CF34CF621BDE02400D8C217 /* LaunchScreen.storyboard */; };
		2CF34D0321BDE02500D8C217 /* MADTests.swift in Sources */ = {isa = PBXBuildFile; fileRef = 2CF34D0221BDE02500D8C217 /* MADTests.swift */; };
		2CF34D0E21BDE02500D8C217 /* MADUITests.swift in Sources */ = {isa = PBXBuildFile; fileRef = 2CF34D0D21BDE02500D8C217 /* MADUITests.swift */; };
/* End PBXBuildFile section */

/* Begin PBXContainerItemProxy section */
		2CF34CFF21BDE02500D8C217 /* PBXContainerItemProxy */ = {
			isa = PBXContainerItemProxy;
			containerPortal = 2CF34CDC21BDE01E00D8C217 /* Project object */;
			proxyType = 1;
			remoteGlobalIDString = 2CF34CE321BDE01E00D8C217;
			remoteInfo = MAD;
		};
		2CF34D0A21BDE02500D8C217 /* PBXContainerItemProxy */ = {
			isa = PBXContainerItemProxy;
			containerPortal = 2CF34CDC21BDE01E00D8C217 /* Project object */;
			proxyType = 1;
			remoteGlobalIDString = 2CF34CE321BDE01E00D8C217;
			remoteInfo = MAD;
		};
/* End PBXContainerItemProxy section */

/* Begin PBXFileReference section */
		2CF34CE421BDE01E00D8C217 /* MAD.app */ = {isa = PBXFileReference; explicitFileType = wrapper.application; includeInIndex = 0; path = MAD.app; sourceTree = BUILT_PRODUCTS_DIR; };
		2CF34CE721BDE01E00D8C217 /* AppDelegate.swift */ = {isa = PBXFileReference; lastKnownFileType = sourcecode.swift; path = AppDelegate.swift; sourceTree = "<group>"; };
		2CF34CE921BDE01E00D8C217 /* GameScene.sks */ = {isa = PBXFileReference; lastKnownFileType = file.sks; path = GameScene.sks; sourceTree = "<group>"; };
		2CF34CEB21BDE01E00D8C217 /* Actions.sks */ = {isa = PBXFileReference; lastKnownFileType = file.sks; path = Actions.sks; sourceTree = "<group>"; };
		2CF34CED21BDE01E00D8C217 /* GameScene.swift */ = {isa = PBXFileReference; lastKnownFileType = sourcecode.swift; path = GameScene.swift; sourceTree = "<group>"; };
		2CF34CEF21BDE01E00D8C217 /* GameViewController.swift */ = {isa = PBXFileReference; lastKnownFileType = sourcecode.swift; path = GameViewController.swift; sourceTree = "<group>"; };
		2CF34CF221BDE01E00D8C217 /* Base */ = {isa = PBXFileReference; lastKnownFileType = file.storyboard; name = Base; path = Base.lproj/Main.storyboard; sourceTree = "<group>"; };
		2CF34CF421BDE02400D8C217 /* Assets.xcassets */ = {isa = PBXFileReference; lastKnownFileType = folder.assetcatalog; path = Assets.xcassets; sourceTree = "<group>"; };
		2CF34CF721BDE02400D8C217 /* Base */ = {isa = PBXFileReference; lastKnownFileType = file.storyboard; name = Base; path = Base.lproj/LaunchScreen.storyboard; sourceTree = "<group>"; };
		2CF34CF921BDE02400D8C217 /* Info.plist */ = {isa = PBXFileReference; lastKnownFileType = text.plist.xml; path = Info.plist; sourceTree = "<group>"; };
		2CF34CFE21BDE02500D8C217 /* MADTests.xctest */ = {isa = PBXFileReference; explicitFileType = wrapper.cfbundle; includeInIndex = 0; path = MADTests.xctest; sourceTree = BUILT_PRODUCTS_DIR; };
		2CF34D0221BDE02500D8C217 /* MADTests.swift */ = {isa = PBXFileReference; lastKnownFileType = sourcecode.swift; path = MADTests.swift; sourceTree = "<group>"; };
		2CF34D0421BDE02500D8C217 /* Info.plist */ = {isa = PBXFileReference; lastKnownFileType = text.plist.xml; path = Info.plist; sourceTree = "<group>"; };
		2CF34D0921BDE02500D8C217 /* MADUITests.xctest */ = {isa = PBXFileReference; explicitFileType = wrapper.cfbundle; includeInIndex = 0; path = MADUITests.xctest; sourceTree = BUILT_PRODUCTS_DIR; };
		2CF34D0D21BDE02500D8C217 /* MADUITests.swift */ = {isa = PBXFileReference; lastKnownFileType = sourcecode.swift; path = MADUITests.swift; sourceTree = "<group>"; };
		2CF34D0F21BDE02500D8C217 /* Info.plist */ = {isa = PBXFileReference; lastKnownFileType = text.plist.xml; path = Info.plist; sourceTree = "<group>"; };
/* End PBXFileReference section */

/* Begin PBXFrameworksBuildPhase section */
		2CF34CE121BDE01E00D8C217 /* Frameworks */ = {
			isa = PBXFrameworksBuildPhase;
			buildActionMask = 2147483647;
			files = (
			);
			runOnlyForDeploymentPostprocessing = 0;
		};
		2CF34CFB21BDE02500D8C217 /* Frameworks */ = {
			isa = PBXFrameworksBuildPhase;
			buildActionMask = 2147483647;
			files = (
			);
			runOnlyForDeploymentPostprocessing = 0;
		};
		2CF34D0621BDE02500D8C217 /* Frameworks */ = {
			isa = PBXFrameworksBuildPhase;
			buildActionMask = 2147483647;
			files = (
			);
			runOnlyForDeploymentPostprocessing = 0;
		};
/* End PBXFrameworksBuildPhase section */

/* Begin PBXGroup section */
		2CF34CDB21BDE01E00D8C217 = {
			isa = PBXGroup;
			children = (
				2CF34CE621BDE01E00D8C217 /* MAD */,
				2CF34D0121BDE02500D8C217 /* MADTests */,
				2CF34D0C21BDE02500D8C217 /* MADUITests */,
				2CF34CE521BDE01E00D8C217 /* Products */,
			);
			sourceTree = "<group>";
		};
		2CF34CE521BDE01E00D8C217 /* Products */ = {
			isa = PBXGroup;
			children = (
				2CF34CE421BDE01E00D8C217 /* MAD.app */,
				2CF34CFE21BDE02500D8C217 /* MADTests.xctest */,
				2CF34D0921BDE02500D8C217 /* MADUITests.xctest */,
			);
			name = Products;
			sourceTree = "<group>";
		};
		2CF34CE621BDE01E00D8C217 /* MAD */ = {
			isa = PBXGroup;
			children = (
				2CF34CE721BDE01E00D8C217 /* AppDelegate.swift */,
				2CF34CE921BDE01E00D8C217 /* GameScene.sks */,
				2CF34CEB21BDE01E00D8C217 /* Actions.sks */,
				2CF34CED21BDE01E00D8C217 /* GameScene.swift */,
				2CF34CEF21BDE01E00D8C217 /* GameViewController.swift */,
				2CF34CF121BDE01E00D8C217 /* Main.storyboard */,
				2CF34CF421BDE02400D8C217 /* Assets.xcassets */,
				2CF34CF621BDE02400D8C217 /* LaunchScreen.storyboard */,
				2CF34CF921BDE02400D8C217 /* Info.plist */,
			);
			path = MAD;
			sourceTree = "<group>";
		};
		2CF34D0121BDE02500D8C217 /* MADTests */ = {
			isa = PBXGroup;
			children = (
				2CF34D0221BDE02500D8C217 /* MADTests.swift */,
				2CF34D0421BDE02500D8C217 /* Info.plist */,
			);
			path = MADTests;
			sourceTree = "<group>";
		};
		2CF34D0C21BDE02500D8C217 /* MADUITests */ = {
			isa = PBXGroup;
			children = (
				2CF34D0D21BDE02500D8C217 /* MADUITests.swift */,
				2CF34D0F21BDE02500D8C217 /* Info.plist */,
			);
			path = MADUITests;
			sourceTree = "<group>";
		};
/* End PBXGroup section */

/* Begin PBXNativeTarget section */
		2CF34CE321BDE01E00D8C217 /* MAD */ = {
			isa = PBXNativeTarget;
			buildConfigurationList = 2CF34D1221BDE02500D8C217 /* Build configuration list for PBXNativeTarget "MAD" */;
			buildPhases = (
				2CF34CE021BDE01E00D8C217 /* Sources */,
				2CF34CE121BDE01E00D8C217 /* Frameworks */,
				2CF34CE221BDE01E00D8C217 /* Resources */,
			);
			buildRules = (
			);
			dependencies = (
			);
			name = MAD;
			productName = MAD;
			productReference = 2CF34CE421BDE01E00D8C217 /* MAD.app */;
			productType = "com.apple.product-type.application";
		};
		2CF34CFD21BDE02500D8C217 /* MADTests */ = {
			isa = PBXNativeTarget;
			buildConfigurationList = 2CF34D1521BDE02500D8C217 /* Build configuration list for PBXNativeTarget "MADTests" */;
			buildPhases = (
				2CF34CFA21BDE02500D8C217 /* Sources */,
				2CF34CFB21BDE02500D8C217 /* Frameworks */,
				2CF34CFC21BDE02500D8C217 /* Resources */,
			);
			buildRules = (
			);
			dependencies = (
				2CF34D0021BDE02500D8C217 /* PBXTargetDependency */,
			);
			name = MADTests;
			productName = MADTests;
			productReference = 2CF34CFE21BDE02500D8C217 /* MADTests.xctest */;
			productType = "com.apple.product-type.bundle.unit-test";
		};
		2CF34D0821BDE02500D8C217 /* MADUITests */ = {
			isa = PBXNativeTarget;
			buildConfigurationList = 2CF34D1821BDE02500D8C217 /* Build configuration list for PBXNativeTarget "MADUITests" */;
			buildPhases = (
				2CF34D0521BDE02500D8C217 /* Sources */,
				2CF34D0621BDE02500D8C217 /* Frameworks */,
				2CF34D0721BDE02500D8C217 /* Resources */,
			);
			buildRules = (
			);
			dependencies = (
				2CF34D0B21BDE02500D8C217 /* PBXTargetDependency */,
			);
			name = MADUITests;
			productName = MADUITests;
			productReference = 2CF34D0921BDE02500D8C217 /* MADUITests.xctest */;
			productType = "com.apple.product-type.bundle.ui-testing";
		};
/* End PBXNativeTarget section */

/* Begin PBXProject section */
		2CF34CDC21BDE01E00D8C217 /* Project object */ = {
			isa = PBXProject;
			attributes = {
				LastSwiftUpdateCheck = 1010;
				LastUpgradeCheck = 1010;
				ORGANIZATIONNAME = "Samrudh Shenoy";
				TargetAttributes = {
					2CF34CE321BDE01E00D8C217 = {
						CreatedOnToolsVersion = 10.1;
					};
					2CF34CFD21BDE02500D8C217 = {
						CreatedOnToolsVersion = 10.1;
						TestTargetID = 2CF34CE321BDE01E00D8C217;
					};
					2CF34D0821BDE02500D8C217 = {
						CreatedOnToolsVersion = 10.1;
						TestTargetID = 2CF34CE321BDE01E00D8C217;
					};
				};
			};
			buildConfigurationList = 2CF34CDF21BDE01E00D8C217 /* Build configuration list for PBXProject "MAD" */;
			compatibilityVersion = "Xcode 9.3";
			developmentRegion = en;
			hasScannedForEncodings = 0;
			knownRegions = (
				en,
				Base,
			);
			mainGroup = 2CF34CDB21BDE01E00D8C217;
			productRefGroup = 2CF34CE521BDE01E00D8C217 /* Products */;
			projectDirPath = "";
			projectRoot = "";
			targets = (
				2CF34CE321BDE01E00D8C217 /* MAD */,
				2CF34CFD21BDE02500D8C217 /* MADTests */,
				2CF34D0821BDE02500D8C217 /* MADUITests */,
			);
		};
/* End PBXProject section */

/* Begin PBXResourcesBuildPhase section */
		2CF34CE221BDE01E00D8C217 /* Resources */ = {
			isa = PBXResourcesBuildPhase;
			buildActionMask = 2147483647;
			files = (
				2CF34CF321BDE01E00D8C217 /* Main.storyboard in Resources */,
				2CF34CEA21BDE01E00D8C217 /* GameScene.sks in Resources */,
				2CF34CF521BDE02400D8C217 /* Assets.xcassets in Resources */,
				2CF34CF821BDE02400D8C217 /* LaunchScreen.storyboard in Resources */,
				2CF34CEC21BDE01E00D8C217 /* Actions.sks in Resources */,
			);
			runOnlyForDeploymentPostprocessing = 0;
		};
		2CF34CFC21BDE02500D8C217 /* Resources */ = {
			isa = PBXResourcesBuildPhase;
			buildActionMask = 2147483647;
			files = (
			);
			runOnlyForDeploymentPostprocessing = 0;
		};
		2CF34D0721BDE02500D8C217 /* Resources */ = {
			isa = PBXResourcesBuildPhase;
			buildActionMask = 2147483647;
			files = (
			);
			runOnlyForDeploymentPostprocessing = 0;
		};
/* End PBXResourcesBuildPhase section */

/* Begin PBXSourcesBuildPhase section */
		2CF34CE021BDE01E00D8C217 /* Sources */ = {
			isa = PBXSourcesBuildPhase;
			buildActionMask = 2147483647;
			files = (
				2CF34CEE21BDE01E00D8C217 /* GameScene.swift in Sources */,
				2CF34CF021BDE01E00D8C217 /* GameViewController.swift in Sources */,
				2CF34CE821BDE01E00D8C217 /* AppDelegate.swift in Sources */,
			);
			runOnlyForDeploymentPostprocessing = 0;
		};
		2CF34CFA21BDE02500D8C217 /* Sources */ = {
			isa = PBXSourcesBuildPhase;
			buildActionMask = 2147483647;
			files = (
				2CF34D0321BDE02500D8C217 /* MADTests.swift in Sources */,
			);
			runOnlyForDeploymentPostprocessing = 0;
		};
		2CF34D0521BDE02500D8C217 /* Sources */ = {
			isa = PBXSourcesBuildPhase;
			buildActionMask = 2147483647;
			files = (
				2CF34D0E21BDE02500D8C217 /* MADUITests.swift in Sources */,
			);
			runOnlyForDeploymentPostprocessing = 0;
		};
/* End PBXSourcesBuildPhase section */

/* Begin PBXTargetDependency section */
		2CF34D0021BDE02500D8C217 /* PBXTargetDependency */ = {
			isa = PBXTargetDependency;
			target = 2CF34CE321BDE01E00D8C217 /* MAD */;
			targetProxy = 2CF34CFF21BDE02500D8C217 /* PBXContainerItemProxy */;
		};
		2CF34D0B21BDE02500D8C217 /* PBXTargetDependency */ = {
			isa = PBXTargetDependency;
			target = 2CF34CE321BDE01E00D8C217 /* MAD */;
			targetProxy = 2CF34D0A21BDE02500D8C217 /* PBXContainerItemProxy */;
		};
/* End PBXTargetDependency section */

/* Begin PBXVariantGroup section */
		2CF34CF121BDE01E00D8C217 /* Main.storyboard */ = {
			isa = PBXVariantGroup;
			children = (
				2CF34CF221BDE01E00D8C217 /* Base */,
			);
			name = Main.storyboard;
			sourceTree = "<group>";
		};
		2CF34CF621BDE02400D8C217 /* LaunchScreen.storyboard */ = {
			isa = PBXVariantGroup;
			children = (
				2CF34CF721BDE02400D8C217 /* Base */,
			);
			name = LaunchScreen.storyboard;
			sourceTree = "<group>";
		};
/* End PBXVariantGroup section */

/* Begin XCBuildConfiguration section */
		2CF34D1021BDE02500D8C217 /* Debug */ = {
			isa = XCBuildConfiguration;
			buildSettings = {
				ALWAYS_SEARCH_USER_PATHS = NO;
				CLANG_ANALYZER_NONNULL = YES;
				CLANG_ANALYZER_NUMBER_OBJECT_CONVERSION = YES_AGGRESSIVE;
				CLANG_CXX_LANGUAGE_STANDARD = "gnu++14";
				CLANG_CXX_LIBRARY = "libc++";
				CLANG_ENABLE_MODULES = YES;
				CLANG_ENABLE_OBJC_ARC = YES;
				CLANG_ENABLE_OBJC_WEAK = YES;
				CLANG_WARN_BLOCK_CAPTURE_AUTORELEASING = YES;
				CLANG_WARN_BOOL_CONVERSION = YES;
				CLANG_WARN_COMMA = YES;
				CLANG_WARN_CONSTANT_CONVERSION = YES;
				CLANG_WARN_DEPRECATED_OBJC_IMPLEMENTATIONS = YES;
				CLANG_WARN_DIRECT_OBJC_ISA_USAGE = YES_ERROR;
				CLANG_WARN_DOCUMENTATION_COMMENTS = YES;
				CLANG_WARN_EMPTY_BODY = YES;
				CLANG_WARN_ENUM_CONVERSION = YES;
				CLANG_WARN_INFINITE_RECURSION = YES;
				CLANG_WARN_INT_CONVERSION = YES;
				CLANG_WARN_NON_LITERAL_NULL_CONVERSION = YES;
				CLANG_WARN_OBJC_IMPLICIT_RETAIN_SELF = YES;
				CLANG_WARN_OBJC_LITERAL_CONVERSION = YES;
				CLANG_WARN_OBJC_ROOT_CLASS = YES_ERROR;
				CLANG_WARN_RANGE_LOOP_ANALYSIS = YES;
				CLANG_WARN_STRICT_PROTOTYPES = YES;
				CLANG_WARN_SUSPICIOUS_MOVE = YES;
				CLANG_WARN_UNGUARDED_AVAILABILITY = YES_AGGRESSIVE;
				CLANG_WARN_UNREACHABLE_CODE = YES;
				CLANG_WARN__DUPLICATE_METHOD_MATCH = YES;
				CODE_SIGN_IDENTITY = "iPhone Developer";
				COPY_PHASE_STRIP = NO;
				DEBUG_INFORMATION_FORMAT = dwarf;
				ENABLE_STRICT_OBJC_MSGSEND = YES;
				ENABLE_TESTABILITY = YES;
				GCC_C_LANGUAGE_STANDARD = gnu11;
				GCC_DYNAMIC_NO_PIC = NO;
				GCC_NO_COMMON_BLOCKS = YES;
				GCC_OPTIMIZATION_LEVEL = 0;
				GCC_PREPROCESSOR_DEFINITIONS = (
					"DEBUG=1",
					"$(inherited)",
				);
				GCC_WARN_64_TO_32_BIT_CONVERSION = YES;
				GCC_WARN_ABOUT_RETURN_TYPE = YES_ERROR;
				GCC_WARN_UNDECLARED_SELECTOR = YES;
				GCC_WARN_UNINITIALIZED_AUTOS = YES_AGGRESSIVE;
				GCC_WARN_UNUSED_FUNCTION = YES;
				GCC_WARN_UNUSED_VARIABLE = YES;
				IPHONEOS_DEPLOYMENT_TARGET = 12.1;
				MTL_ENABLE_DEBUG_INFO = INCLUDE_SOURCE;
				MTL_FAST_MATH = YES;
				ONLY_ACTIVE_ARCH = YES;
				SDKROOT = iphoneos;
				SWIFT_ACTIVE_COMPILATION_CONDITIONS = DEBUG;
				SWIFT_OPTIMIZATION_LEVEL = "-Onone";
			};
			name = Debug;
		};
		2CF34D1121BDE02500D8C217 /* Release */ = {
			isa = XCBuildConfiguration;
			buildSettings = {
				ALWAYS_SEARCH_USER_PATHS = NO;
				CLANG_ANALYZER_NONNULL = YES;
				CLANG_ANALYZER_NUMBER_OBJECT_CONVERSION = YES_AGGRESSIVE;
				CLANG_CXX_LANGUAGE_STANDARD = "gnu++14";
				CLANG_CXX_LIBRARY = "libc++";
				CLANG_ENABLE_MODULES = YES;
				CLANG_ENABLE_OBJC_ARC = YES;
				CLANG_ENABLE_OBJC_WEAK = YES;
				CLANG_WARN_BLOCK_CAPTURE_AUTORELEASING = YES;
				CLANG_WARN_BOOL_CONVERSION = YES;
				CLANG_WARN_COMMA = YES;
				CLANG_WARN_CONSTANT_CONVERSION = YES;
				CLANG_WARN_DEPRECATED_OBJC_IMPLEMENTATIONS = YES;
				CLANG_WARN_DIRECT_OBJC_ISA_USAGE = YES_ERROR;
				CLANG_WARN_DOCUMENTATION_COMMENTS = YES;
				CLANG_WARN_EMPTY_BODY = YES;
				CLANG_WARN_ENUM_CONVERSION = YES;
				CLANG_WARN_INFINITE_RECURSION = YES;
				CLANG_WARN_INT_CONVERSION = YES;
				CLANG_WARN_NON_LITERAL_NULL_CONVERSION = YES;
				CLANG_WARN_OBJC_IMPLICIT_RETAIN_SELF = YES;
				CLANG_WARN_OBJC_LITERAL_CONVERSION = YES;
				CLANG_WARN_OBJC_ROOT_CLASS = YES_ERROR;
				CLANG_WARN_RANGE_LOOP_ANALYSIS = YES;
				CLANG_WARN_STRICT_PROTOTYPES = YES;
				CLANG_WARN_SUSPICIOUS_MOVE = YES;
				CLANG_WARN_UNGUARDED_AVAILABILITY = YES_AGGRESSIVE;
				CLANG_WARN_UNREACHABLE_CODE = YES;
				CLANG_WARN__DUPLICATE_METHOD_MATCH = YES;
				CODE_SIGN_IDENTITY = "iPhone Developer";
				COPY_PHASE_STRIP = NO;
				DEBUG_INFORMATION_FORMAT = "dwarf-with-dsym";
				ENABLE_NS_ASSERTIONS = NO;
				ENABLE_STRICT_OBJC_MSGSEND = YES;
				GCC_C_LANGUAGE_STANDARD = gnu11;
				GCC_NO_COMMON_BLOCKS = YES;
				GCC_WARN_64_TO_32_BIT_CONVERSION = YES;
				GCC_WARN_ABOUT_RETURN_TYPE = YES_ERROR;
				GCC_WARN_UNDECLARED_SELECTOR = YES;
				GCC_WARN_UNINITIALIZED_AUTOS = YES_AGGRESSIVE;
				GCC_WARN_UNUSED_FUNCTION = YES;
				GCC_WARN_UNUSED_VARIABLE = YES;
				IPHONEOS_DEPLOYMENT_TARGET = 12.1;
				MTL_ENABLE_DEBUG_INFO = NO;
				MTL_FAST_MATH = YES;
				SDKROOT = iphoneos;
				SWIFT_COMPILATION_MODE = wholemodule;
				SWIFT_OPTIMIZATION_LEVEL = "-O";
				VALIDATE_PRODUCT = YES;
			};
			name = Release;
		};
		2CF34D1321BDE02500D8C217 /* Debug */ = {
			isa = XCBuildConfiguration;
			buildSettings = {
				ASSETCATALOG_COMPILER_APPICON_NAME = AppIcon;
				CODE_SIGN_STYLE = Automatic;
				INFOPLIST_FILE = MAD/Info.plist;
				LD_RUNPATH_SEARCH_PATHS = (
					"$(inherited)",
					"@executable_path/Frameworks",
				);
				PRODUCT_BUNDLE_IDENTIFIER = hhsfbla.MAD;
				PRODUCT_NAME = "$(TARGET_NAME)";
				SWIFT_VERSION = 4.2;
				TARGETED_DEVICE_FAMILY = "1,2";
			};
			name = Debug;
		};
		2CF34D1421BDE02500D8C217 /* Release */ = {
			isa = XCBuildConfiguration;
			buildSettings = {
				ASSETCATALOG_COMPILER_APPICON_NAME = AppIcon;
				CODE_SIGN_STYLE = Automatic;
				INFOPLIST_FILE = MAD/Info.plist;
				LD_RUNPATH_SEARCH_PATHS = (
					"$(inherited)",
					"@executable_path/Frameworks",
				);
				PRODUCT_BUNDLE_IDENTIFIER = hhsfbla.MAD;
				PRODUCT_NAME = "$(TARGET_NAME)";
				SWIFT_VERSION = 4.2;
				TARGETED_DEVICE_FAMILY = "1,2";
			};
			name = Release;
		};
		2CF34D1621BDE02500D8C217 /* Debug */ = {
			isa = XCBuildConfiguration;
			buildSettings = {
				ALWAYS_EMBED_SWIFT_STANDARD_LIBRARIES = YES;
				BUNDLE_LOADER = "$(TEST_HOST)";
				CODE_SIGN_STYLE = Automatic;
				INFOPLIST_FILE = MADTests/Info.plist;
				LD_RUNPATH_SEARCH_PATHS = (
					"$(inherited)",
					"@executable_path/Frameworks",
					"@loader_path/Frameworks",
				);
				PRODUCT_BUNDLE_IDENTIFIER = hhsfbla.MADTests;
				PRODUCT_NAME = "$(TARGET_NAME)";
				SWIFT_VERSION = 4.2;
				TARGETED_DEVICE_FAMILY = "1,2";
				TEST_HOST = "$(BUILT_PRODUCTS_DIR)/MAD.app/MAD";
			};
			name = Debug;
		};
		2CF34D1721BDE02500D8C217 /* Release */ = {
			isa = XCBuildConfiguration;
			buildSettings = {
				ALWAYS_EMBED_SWIFT_STANDARD_LIBRARIES = YES;
				BUNDLE_LOADER = "$(TEST_HOST)";
				CODE_SIGN_STYLE = Automatic;
				INFOPLIST_FILE = MADTests/Info.plist;
				LD_RUNPATH_SEARCH_PATHS = (
					"$(inherited)",
					"@executable_path/Frameworks",
					"@loader_path/Frameworks",
				);
				PRODUCT_BUNDLE_IDENTIFIER = hhsfbla.MADTests;
				PRODUCT_NAME = "$(TARGET_NAME)";
				SWIFT_VERSION = 4.2;
				TARGETED_DEVICE_FAMILY = "1,2";
				TEST_HOST = "$(BUILT_PRODUCTS_DIR)/MAD.app/MAD";
			};
			name = Release;
		};
		2CF34D1921BDE02500D8C217 /* Debug */ = {
			isa = XCBuildConfiguration;
			buildSettings = {
				ALWAYS_EMBED_SWIFT_STANDARD_LIBRARIES = YES;
				CODE_SIGN_STYLE = Automatic;
				INFOPLIST_FILE = MADUITests/Info.plist;
				LD_RUNPATH_SEARCH_PATHS = (
					"$(inherited)",
					"@executable_path/Frameworks",
					"@loader_path/Frameworks",
				);
				PRODUCT_BUNDLE_IDENTIFIER = hhsfbla.MADUITests;
				PRODUCT_NAME = "$(TARGET_NAME)";
				SWIFT_VERSION = 4.2;
				TARGETED_DEVICE_FAMILY = "1,2";
				TEST_TARGET_NAME = MAD;
			};
			name = Debug;
		};
		2CF34D1A21BDE02500D8C217 /* Release */ = {
			isa = XCBuildConfiguration;
			buildSettings = {
				ALWAYS_EMBED_SWIFT_STANDARD_LIBRARIES = YES;
				CODE_SIGN_STYLE = Automatic;
				INFOPLIST_FILE = MADUITests/Info.plist;
				LD_RUNPATH_SEARCH_PATHS = (
					"$(inherited)",
					"@executable_path/Frameworks",
					"@loader_path/Frameworks",
				);
				PRODUCT_BUNDLE_IDENTIFIER = hhsfbla.MADUITests;
				PRODUCT_NAME = "$(TARGET_NAME)";
				SWIFT_VERSION = 4.2;
				TARGETED_DEVICE_FAMILY = "1,2";
				TEST_TARGET_NAME = MAD;
			};
			name = Release;
		};
/* End XCBuildConfiguration section */

/* Begin XCConfigurationList section */
		2CF34CDF21BDE01E00D8C217 /* Build configuration list for PBXProject "MAD" */ = {
			isa = XCConfigurationList;
			buildConfigurations = (
				2CF34D1021BDE02500D8C217 /* Debug */,
				2CF34D1121BDE02500D8C217 /* Release */,
			);
			defaultConfigurationIsVisible = 0;
			defaultConfigurationName = Release;
		};
		2CF34D1221BDE02500D8C217 /* Build configuration list for PBXNativeTarget "MAD" */ = {
			isa = XCConfigurationList;
			buildConfigurations = (
				2CF34D1321BDE02500D8C217 /* Debug */,
				2CF34D1421BDE02500D8C217 /* Release */,
			);
			defaultConfigurationIsVisible = 0;
			defaultConfigurationName = Release;
		};
		2CF34D1521BDE02500D8C217 /* Build configuration list for PBXNativeTarget "MADTests" */ = {
			isa = XCConfigurationList;
			buildConfigurations = (
				2CF34D1621BDE02500D8C217 /* Debug */,
				2CF34D1721BDE02500D8C217 /* Release */,
			);
			defaultConfigurationIsVisible = 0;
			defaultConfigurationName = Release;
		};
		2CF34D1821BDE02500D8C217 /* Build configuration list for PBXNativeTarget "MADUITests" */ = {
			isa = XCConfigurationList;
			buildConfigurations = (
				2CF34D1921BDE02500D8C217 /* Debug */,
				2CF34D1A21BDE02500D8C217 /* Release */,
			);
			defaultConfigurationIsVisible = 0;
			defaultConfigurationName = Release;
		};
/* End XCConfigurationList section */
	};
	rootObject = 2CF34CDC21BDE01E00D8C217 /* Project object */;
}
